// !$*UTF8*$!
{
	archiveVersion = 1;
	classes = {
	};
	objectVersion = 46;
	objects = {

/* Begin PBXBuildFile section */
		F541C3B6191AFA9E0065BB96 /* Foundation.framework in Frameworks */ = {isa = PBXBuildFile; fileRef = F541C3B5191AFA9E0065BB96 /* Foundation.framework */; };
		F541C3B8191AFA9E0065BB96 /* CoreGraphics.framework in Frameworks */ = {isa = PBXBuildFile; fileRef = F541C3B7191AFA9E0065BB96 /* CoreGraphics.framework */; };
		F541C3BA191AFA9E0065BB96 /* UIKit.framework in Frameworks */ = {isa = PBXBuildFile; fileRef = F541C3B9191AFA9E0065BB96 /* UIKit.framework */; };
		F541C3C0191AFA9E0065BB96 /* InfoPlist.strings in Resources */ = {isa = PBXBuildFile; fileRef = F541C3BE191AFA9E0065BB96 /* InfoPlist.strings */; };
		F541C3C2191AFA9E0065BB96 /* main.m in Sources */ = {isa = PBXBuildFile; fileRef = F541C3C1191AFA9E0065BB96 /* main.m */; };
		F541C3C6191AFA9E0065BB96 /* MTAppDelegate.m in Sources */ = {isa = PBXBuildFile; fileRef = F541C3C5191AFA9E0065BB96 /* MTAppDelegate.m */; };
		F541C3C9191AFA9E0065BB96 /* Main.storyboard in Resources */ = {isa = PBXBuildFile; fileRef = F541C3C7191AFA9E0065BB96 /* Main.storyboard */; };
		F541C3CC191AFA9F0065BB96 /* MTViewController.m in Sources */ = {isa = PBXBuildFile; fileRef = F541C3CB191AFA9E0065BB96 /* MTViewController.m */; };
		F541C3CE191AFA9F0065BB96 /* Images.xcassets in Resources */ = {isa = PBXBuildFile; fileRef = F541C3CD191AFA9F0065BB96 /* Images.xcassets */; };
		F541C3D5191AFA9F0065BB96 /* XCTest.framework in Frameworks */ = {isa = PBXBuildFile; fileRef = F541C3D4191AFA9F0065BB96 /* XCTest.framework */; };
		F541C3D6191AFA9F0065BB96 /* Foundation.framework in Frameworks */ = {isa = PBXBuildFile; fileRef = F541C3B5191AFA9E0065BB96 /* Foundation.framework */; };
		F541C3D7191AFA9F0065BB96 /* UIKit.framework in Frameworks */ = {isa = PBXBuildFile; fileRef = F541C3B9191AFA9E0065BB96 /* UIKit.framework */; };
		F541C3DF191AFA9F0065BB96 /* InfoPlist.strings in Resources */ = {isa = PBXBuildFile; fileRef = F541C3DD191AFA9F0065BB96 /* InfoPlist.strings */; };
		F541C3E1191AFA9F0065BB96 /* geoTests.m in Sources */ = {isa = PBXBuildFile; fileRef = F541C3E0191AFA9F0065BB96 /* geoTests.m */; };
		F541C3EB191AFAB50065BB96 /* CoreLocation.framework in Frameworks */ = {isa = PBXBuildFile; fileRef = F541C3EA191AFAB50065BB96 /* CoreLocation.framework */; };
/* End PBXBuildFile section */

/* Begin PBXContainerItemProxy section */
		F541C3D8191AFA9F0065BB96 /* PBXContainerItemProxy */ = {
			isa = PBXContainerItemProxy;
			containerPortal = F541C3AA191AFA9E0065BB96 /* Project object */;
			proxyType = 1;
			remoteGlobalIDString = F541C3B1191AFA9E0065BB96;
			remoteInfo = geo;
		};
/* End PBXContainerItemProxy section */

/* Begin PBXFileReference section */
		F541C3B2191AFA9E0065BB96 /* geo.app */ = {isa = PBXFileReference; explicitFileType = wrapper.application; includeInIndex = 0; path = geo.app; sourceTree = BUILT_PRODUCTS_DIR; };
		F541C3B5191AFA9E0065BB96 /* Foundation.framework */ = {isa = PBXFileReference; lastKnownFileType = wrapper.framework; name = Foundation.framework; path = System/Library/Frameworks/Foundation.framework; sourceTree = SDKROOT; };
		F541C3B7191AFA9E0065BB96 /* CoreGraphics.framework */ = {isa = PBXFileReference; lastKnownFileType = wrapper.framework; name = CoreGraphics.framework; path = System/Library/Frameworks/CoreGraphics.framework; sourceTree = SDKROOT; };
		F541C3B9191AFA9E0065BB96 /* UIKit.framework */ = {isa = PBXFileReference; lastKnownFileType = wrapper.framework; name = UIKit.framework; path = System/Library/Frameworks/UIKit.framework; sourceTree = SDKROOT; };
		F541C3BD191AFA9E0065BB96 /* geo-Info.plist */ = {isa = PBXFileReference; lastKnownFileType = text.plist.xml; path = "geo-Info.plist"; sourceTree = "<group>"; };
		F541C3BF191AFA9E0065BB96 /* en */ = {isa = PBXFileReference; lastKnownFileType = text.plist.strings; name = en; path = en.lproj/InfoPlist.strings; sourceTree = "<group>"; };
		F541C3C1191AFA9E0065BB96 /* main.m */ = {isa = PBXFileReference; lastKnownFileType = sourcecode.c.objc; path = main.m; sourceTree = "<group>"; };
		F541C3C3191AFA9E0065BB96 /* geo-Prefix.pch */ = {isa = PBXFileReference; lastKnownFileType = sourcecode.c.h; path = "geo-Prefix.pch"; sourceTree = "<group>"; };
		F541C3C4191AFA9E0065BB96 /* MTAppDelegate.h */ = {isa = PBXFileReference; lastKnownFileType = sourcecode.c.h; path = MTAppDelegate.h; sourceTree = "<group>"; };
		F541C3C5191AFA9E0065BB96 /* MTAppDelegate.m */ = {isa = PBXFileReference; lastKnownFileType = sourcecode.c.objc; path = MTAppDelegate.m; sourceTree = "<group>"; };
		F541C3C8191AFA9E0065BB96 /* Base */ = {isa = PBXFileReference; lastKnownFileType = file.storyboard; name = Base; path = Base.lproj/Main.storyboard; sourceTree = "<group>"; };
		F541C3CA191AFA9E0065BB96 /* MTViewController.h */ = {isa = PBXFileReference; lastKnownFileType = sourcecode.c.h; path = MTViewController.h; sourceTree = "<group>"; };
		F541C3CB191AFA9E0065BB96 /* MTViewController.m */ = {isa = PBXFileReference; lastKnownFileType = sourcecode.c.objc; path = MTViewController.m; sourceTree = "<group>"; };
		F541C3CD191AFA9F0065BB96 /* Images.xcassets */ = {isa = PBXFileReference; lastKnownFileType = folder.assetcatalog; path = Images.xcassets; sourceTree = "<group>"; };
		F541C3D3191AFA9F0065BB96 /* geoTests.xctest */ = {isa = PBXFileReference; explicitFileType = wrapper.cfbundle; includeInIndex = 0; path = geoTests.xctest; sourceTree = BUILT_PRODUCTS_DIR; };
		F541C3D4191AFA9F0065BB96 /* XCTest.framework */ = {isa = PBXFileReference; lastKnownFileType = wrapper.framework; name = XCTest.framework; path = Library/Frameworks/XCTest.framework; sourceTree = DEVELOPER_DIR; };
		F541C3DC191AFA9F0065BB96 /* geoTests-Info.plist */ = {isa = PBXFileReference; lastKnownFileType = text.plist.xml; path = "geoTests-Info.plist"; sourceTree = "<group>"; };
		F541C3DE191AFA9F0065BB96 /* en */ = {isa = PBXFileReference; lastKnownFileType = text.plist.strings; name = en; path = en.lproj/InfoPlist.strings; sourceTree = "<group>"; };
		F541C3E0191AFA9F0065BB96 /* geoTests.m */ = {isa = PBXFileReference; lastKnownFileType = sourcecode.c.objc; path = geoTests.m; sourceTree = "<group>"; };
		F541C3EA191AFAB50065BB96 /* CoreLocation.framework */ = {isa = PBXFileReference; lastKnownFileType = wrapper.framework; name = CoreLocation.framework; path = System/Library/Frameworks/CoreLocation.framework; sourceTree = SDKROOT; };
/* End PBXFileReference section */

/* Begin PBXFrameworksBuildPhase section */
		F541C3AF191AFA9E0065BB96 /* Frameworks */ = {
			isa = PBXFrameworksBuildPhase;
			buildActionMask = 2147483647;
			files = (
				F541C3EB191AFAB50065BB96 /* CoreLocation.framework in Frameworks */,
				F541C3B8191AFA9E0065BB96 /* CoreGraphics.framework in Frameworks */,
				F541C3BA191AFA9E0065BB96 /* UIKit.framework in Frameworks */,
				F541C3B6191AFA9E0065BB96 /* Foundation.framework in Frameworks */,
			);
			runOnlyForDeploymentPostprocessing = 0;
		};
		F541C3D0191AFA9F0065BB96 /* Frameworks */ = {
			isa = PBXFrameworksBuildPhase;
			buildActionMask = 2147483647;
			files = (
				F541C3D5191AFA9F0065BB96 /* XCTest.framework in Frameworks */,
				F541C3D7191AFA9F0065BB96 /* UIKit.framework in Frameworks */,
				F541C3D6191AFA9F0065BB96 /* Foundation.framework in Frameworks */,
			);
			runOnlyForDeploymentPostprocessing = 0;
		};
/* End PBXFrameworksBuildPhase section */

/* Begin PBXGroup section */
		F541C3A9191AFA9E0065BB96 = {
			isa = PBXGroup;
			children = (
				F541C3BB191AFA9E0065BB96 /* geo */,
				F541C3DA191AFA9F0065BB96 /* geoTests */,
				F541C3B4191AFA9E0065BB96 /* Frameworks */,
				F541C3B3191AFA9E0065BB96 /* Products */,
			);
			sourceTree = "<group>";
		};
		F541C3B3191AFA9E0065BB96 /* Products */ = {
			isa = PBXGroup;
			children = (
				F541C3B2191AFA9E0065BB96 /* geo.app */,
				F541C3D3191AFA9F0065BB96 /* geoTests.xctest */,
			);
			name = Products;
			sourceTree = "<group>";
		};
		F541C3B4191AFA9E0065BB96 /* Frameworks */ = {
			isa = PBXGroup;
			children = (
				F541C3EA191AFAB50065BB96 /* CoreLocation.framework */,
				F541C3B5191AFA9E0065BB96 /* Foundation.framework */,
				F541C3B7191AFA9E0065BB96 /* CoreGraphics.framework */,
				F541C3B9191AFA9E0065BB96 /* UIKit.framework */,
				F541C3D4191AFA9F0065BB96 /* XCTest.framework */,
			);
			name = Frameworks;
			sourceTree = "<group>";
		};
		F541C3BB191AFA9E0065BB96 /* geo */ = {
			isa = PBXGroup;
			children = (
				F541C3C4191AFA9E0065BB96 /* MTAppDelegate.h */,
				F541C3C5191AFA9E0065BB96 /* MTAppDelegate.m */,
				F541C3C7191AFA9E0065BB96 /* Main.storyboard */,
				F541C3CA191AFA9E0065BB96 /* MTViewController.h */,
				F541C3CB191AFA9E0065BB96 /* MTViewController.m */,
				F541C3CD191AFA9F0065BB96 /* Images.xcassets */,
				F541C3BC191AFA9E0065BB96 /* Supporting Files */,
			);
			path = geo;
			sourceTree = "<group>";
		};
		F541C3BC191AFA9E0065BB96 /* Supporting Files */ = {
			isa = PBXGroup;
			children = (
				F541C3BD191AFA9E0065BB96 /* geo-Info.plist */,
				F541C3BE191AFA9E0065BB96 /* InfoPlist.strings */,
				F541C3C1191AFA9E0065BB96 /* main.m */,
				F541C3C3191AFA9E0065BB96 /* geo-Prefix.pch */,
			);
			name = "Supporting Files";
			sourceTree = "<group>";
		};
		F541C3DA191AFA9F0065BB96 /* geoTests */ = {
			isa = PBXGroup;
			children = (
				F541C3E0191AFA9F0065BB96 /* geoTests.m */,
				F541C3DB191AFA9F0065BB96 /* Supporting Files */,
			);
			path = geoTests;
			sourceTree = "<group>";
		};
		F541C3DB191AFA9F0065BB96 /* Supporting Files */ = {
			isa = PBXGroup;
			children = (
				F541C3DC191AFA9F0065BB96 /* geoTests-Info.plist */,
				F541C3DD191AFA9F0065BB96 /* InfoPlist.strings */,
			);
			name = "Supporting Files";
			sourceTree = "<group>";
		};
/* End PBXGroup section */

/* Begin PBXNativeTarget section */
		F541C3B1191AFA9E0065BB96 /* geo */ = {
			isa = PBXNativeTarget;
			buildConfigurationList = F541C3E4191AFA9F0065BB96 /* Build configuration list for PBXNativeTarget "geo" */;
			buildPhases = (
				F541C3AE191AFA9E0065BB96 /* Sources */,
				F541C3AF191AFA9E0065BB96 /* Frameworks */,
				F541C3B0191AFA9E0065BB96 /* Resources */,
			);
			buildRules = (
			);
			dependencies = (
			);
			name = geo;
			productName = geo;
			productReference = F541C3B2191AFA9E0065BB96 /* geo.app */;
			productType = "com.apple.product-type.application";
		};
		F541C3D2191AFA9F0065BB96 /* geoTests */ = {
			isa = PBXNativeTarget;
			buildConfigurationList = F541C3E7191AFA9F0065BB96 /* Build configuration list for PBXNativeTarget "geoTests" */;
			buildPhases = (
				F541C3CF191AFA9F0065BB96 /* Sources */,
				F541C3D0191AFA9F0065BB96 /* Frameworks */,
				F541C3D1191AFA9F0065BB96 /* Resources */,
			);
			buildRules = (
			);
			dependencies = (
				F541C3D9191AFA9F0065BB96 /* PBXTargetDependency */,
			);
			name = geoTests;
			productName = geoTests;
			productReference = F541C3D3191AFA9F0065BB96 /* geoTests.xctest */;
			productType = "com.apple.product-type.bundle.unit-test";
		};
/* End PBXNativeTarget section */

/* Begin PBXProject section */
		F541C3AA191AFA9E0065BB96 /* Project object */ = {
			isa = PBXProject;
			attributes = {
				CLASSPREFIX = MT;
				LastUpgradeCheck = 0510;
				ORGANIZATIONNAME = com.Macme.geofence;
				TargetAttributes = {
					F541C3D2191AFA9F0065BB96 = {
						TestTargetID = F541C3B1191AFA9E0065BB96;
					};
				};
			};
			buildConfigurationList = F541C3AD191AFA9E0065BB96 /* Build configuration list for PBXProject "geo" */;
			compatibilityVersion = "Xcode 3.2";
			developmentRegion = English;
			hasScannedForEncodings = 0;
			knownRegions = (
				en,
				Base,
			);
			mainGroup = F541C3A9191AFA9E0065BB96;
			productRefGroup = F541C3B3191AFA9E0065BB96 /* Products */;
			projectDirPath = "";
			projectRoot = "";
			targets = (
				F541C3B1191AFA9E0065BB96 /* geo */,
				F541C3D2191AFA9F0065BB96 /* geoTests */,
			);
		};
/* End PBXProject section */

/* Begin PBXResourcesBuildPhase section */
		F541C3B0191AFA9E0065BB96 /* Resources */ = {
			isa = PBXResourcesBuildPhase;
			buildActionMask = 2147483647;
			files = (
				F541C3CE191AFA9F0065BB96 /* Images.xcassets in Resources */,
				F541C3C0191AFA9E0065BB96 /* InfoPlist.strings in Resources */,
				F541C3C9191AFA9E0065BB96 /* Main.storyboard in Resources */,
			);
			runOnlyForDeploymentPostprocessing = 0;
		};
		F541C3D1191AFA9F0065BB96 /* Resources */ = {
			isa = PBXResourcesBuildPhase;
			buildActionMask = 2147483647;
			files = (
				F541C3DF191AFA9F0065BB96 /* InfoPlist.strings in Resources */,
			);
			runOnlyForDeploymentPostprocessing = 0;
		};
/* End PBXResourcesBuildPhase section */

/* Begin PBXSourcesBuildPhase section */
		F541C3AE191AFA9E0065BB96 /* Sources */ = {
			isa = PBXSourcesBuildPhase;
			buildActionMask = 2147483647;
			files = (
				F541C3C2191AFA9E0065BB96 /* main.m in Sources */,
				F541C3CC191AFA9F0065BB96 /* MTViewController.m in Sources */,
				F541C3C6191AFA9E0065BB96 /* MTAppDelegate.m in Sources */,
			);
			runOnlyForDeploymentPostprocessing = 0;
		};
		F541C3CF191AFA9F0065BB96 /* Sources */ = {
			isa = PBXSourcesBuildPhase;
			buildActionMask = 2147483647;
			files = (
				F541C3E1191AFA9F0065BB96 /* geoTests.m in Sources */,
			);
			runOnlyForDeploymentPostprocessing = 0;
		};
/* End PBXSourcesBuildPhase section */

/* Begin PBXTargetDependency section */
		F541C3D9191AFA9F0065BB96 /* PBXTargetDependency */ = {
			isa = PBXTargetDependency;
			target = F541C3B1191AFA9E0065BB96 /* geo */;
			targetProxy = F541C3D8191AFA9F0065BB96 /* PBXContainerItemProxy */;
		};
/* End PBXTargetDependency section */

/* Begin PBXVariantGroup section */
		F541C3BE191AFA9E0065BB96 /* InfoPlist.strings */ = {
			isa = PBXVariantGroup;
			children = (
				F541C3BF191AFA9E0065BB96 /* en */,
			);
			name = InfoPlist.strings;
			sourceTree = "<group>";
		};
		F541C3C7191AFA9E0065BB96 /* Main.storyboard */ = {
			isa = PBXVariantGroup;
			children = (
				F541C3C8191AFA9E0065BB96 /* Base */,
			);
			name = Main.storyboard;
			sourceTree = "<group>";
		};
		F541C3DD191AFA9F0065BB96 /* InfoPlist.strings */ = {
			isa = PBXVariantGroup;
			children = (
				F541C3DE191AFA9F0065BB96 /* en */,
			);
			name = InfoPlist.strings;
			sourceTree = "<group>";
		};
/* End PBXVariantGroup section */

/* Begin XCBuildConfiguration section */
		F541C3E2191AFA9F0065BB96 /* Debug */ = {
			isa = XCBuildConfiguration;
			buildSettings = {
				ALWAYS_SEARCH_USER_PATHS = NO;
				CLANG_CXX_LANGUAGE_STANDARD = "gnu++0x";
				CLANG_CXX_LIBRARY = "libc++";
				CLANG_ENABLE_MODULES = YES;
				CLANG_ENABLE_OBJC_ARC = YES;
				CLANG_WARN_BOOL_CONVERSION = YES;
				CLANG_WARN_CONSTANT_CONVERSION = YES;
				CLANG_WARN_DIRECT_OBJC_ISA_USAGE = YES_ERROR;
				CLANG_WARN_EMPTY_BODY = YES;
				CLANG_WARN_ENUM_CONVERSION = YES;
				CLANG_WARN_INT_CONVERSION = YES;
				CLANG_WARN_OBJC_ROOT_CLASS = YES_ERROR;
				CLANG_WARN__DUPLICATE_METHOD_MATCH = YES;
				"CODE_SIGN_IDENTITY[sdk=iphoneos*]" = "iPhone Developer";
				COPY_PHASE_STRIP = NO;
				GCC_C_LANGUAGE_STANDARD = gnu99;
				GCC_DYNAMIC_NO_PIC = NO;
				GCC_OPTIMIZATION_LEVEL = 0;
				GCC_PREPROCESSOR_DEFINITIONS = (
					"DEBUG=1",
					"$(inherited)",
				);
				GCC_SYMBOLS_PRIVATE_EXTERN = NO;
				GCC_WARN_64_TO_32_BIT_CONVERSION = YES;
				GCC_WARN_ABOUT_RETURN_TYPE = YES_ERROR;
				GCC_WARN_UNDECLARED_SELECTOR = YES;
				GCC_WARN_UNINITIALIZED_AUTOS = YES_AGGRESSIVE;
				GCC_WARN_UNUSED_FUNCTION = YES;
				GCC_WARN_UNUSED_VARIABLE = YES;
				IPHONEOS_DEPLOYMENT_TARGET = 7.1;
				ONLY_ACTIVE_ARCH = YES;
				SDKROOT = iphoneos;
			};
			name = Debug;
		};
		F541C3E3191AFA9F0065BB96 /* Release */ = {
			isa = XCBuildConfiguration;
			buildSettings = {
				ALWAYS_SEARCH_USER_PATHS = NO;
				CLANG_CXX_LANGUAGE_STANDARD = "gnu++0x";
				CLANG_CXX_LIBRARY = "libc++";
				CLANG_ENABLE_MODULES = YES;
				CLANG_ENABLE_OBJC_ARC = YES;
				CLANG_WARN_BOOL_CONVERSION = YES;
				CLANG_WARN_CONSTANT_CONVERSION = YES;
				CLANG_WARN_DIRECT_OBJC_ISA_USAGE = YES_ERROR;
				CLANG_WARN_EMPTY_BODY = YES;
				CLANG_WARN_ENUM_CONVERSION = YES;
				CLANG_WARN_INT_CONVERSION = YES;
				CLANG_WARN_OBJC_ROOT_CLASS = YES_ERROR;
				CLANG_WARN__DUPLICATE_METHOD_MATCH = YES;
				"CODE_SIGN_IDENTITY[sdk=iphoneos*]" = "iPhone Developer";
				COPY_PHASE_STRIP = YES;
				ENABLE_NS_ASSERTIONS = NO;
				GCC_C_LANGUAGE_STANDARD = gnu99;
				GCC_WARN_64_TO_32_BIT_CONVERSION = YES;
				GCC_WARN_ABOUT_RETURN_TYPE = YES_ERROR;
				GCC_WARN_UNDECLARED_SELECTOR = YES;
				GCC_WARN_UNINITIALIZED_AUTOS = YES_AGGRESSIVE;
				GCC_WARN_UNUSED_FUNCTION = YES;
				GCC_WARN_UNUSED_VARIABLE = YES;
				IPHONEOS_DEPLOYMENT_TARGET = 7.1;
				SDKROOT = iphoneos;
				VALIDATE_PRODUCT = YES;
			};
			name = Release;
		};
		F541C3E5191AFA9F0065BB96 /* Debug */ = {
			isa = XCBuildConfiguration;
			buildSettings = {
				ASSETCATALOG_COMPILER_APPICON_NAME = AppIcon;
				ASSETCATALOG_COMPILER_LAUNCHIMAGE_NAME = LaunchImage;
				GCC_PRECOMPILE_PREFIX_HEADER = YES;
				GCC_PREFIX_HEADER = "geo/geo-Prefix.pch";
				INFOPLIST_FILE = "geo/geo-Info.plist";
				PRODUCT_NAME = "$(TARGET_NAME)";
				WRAPPER_EXTENSION = app;
			};
			name = Debug;
		};
		F541C3E6191AFA9F0065BB96 /* Release */ = {
			isa = XCBuildConfiguration;
			buildSettings = {
				ASSETCATALOG_COMPILER_APPICON_NAME = AppIcon;
				ASSETCATALOG_COMPILER_LAUNCHIMAGE_NAME = LaunchImage;
				GCC_PRECOMPILE_PREFIX_HEADER = YES;
				GCC_PREFIX_HEADER = "geo/geo-Prefix.pch";
				INFOPLIST_FILE = "geo/geo-Info.plist";
				PRODUCT_NAME = "$(TARGET_NAME)";
				WRAPPER_EXTENSION = app;
			};
			name = Release;
		};
		F541C3E8191AFA9F0065BB96 /* Debug */ = {
			isa = XCBuildConfiguration;
			buildSettings = {
				BUNDLE_LOADER = "$(BUILT_PRODUCTS_DIR)/geo.app/geo";
				FRAMEWORK_SEARCH_PATHS = (
					"$(SDKROOT)/Developer/Library/Frameworks",
					"$(inherited)",
					"$(DEVELOPER_FRAMEWORKS_DIR)",
				);
				GCC_PRECOMPILE_PREFIX_HEADER = YES;
				GCC_PREFIX_HEADER = "geo/geo-Prefix.pch";
				GCC_PREPROCESSOR_DEFINITIONS = (
					"DEBUG=1",
					"$(inherited)",
				);
				INFOPLIST_FILE = "geoTests/geoTests-Info.plist";
				PRODUCT_NAME = "$(TARGET_NAME)";
				TEST_HOST = "$(BUNDLE_LOADER)";
				WRAPPER_EXTENSION = xctest;
			};
			name = Debug;
		};
		F541C3E9191AFA9F0065BB96 /* Release */ = {
			isa = XCBuildConfiguration;
			buildSettings = {
				BUNDLE_LOADER = "$(BUILT_PRODUCTS_DIR)/geo.app/geo";
				FRAMEWORK_SEARCH_PATHS = (
					"$(SDKROOT)/Developer/Library/Frameworks",
					"$(inherited)",
					"$(DEVELOPER_FRAMEWORKS_DIR)",
				);
				GCC_PRECOMPILE_PREFIX_HEADER = YES;
				GCC_PREFIX_HEADER = "geo/geo-Prefix.pch";
				INFOPLIST_FILE = "geoTests/geoTests-Info.plist";
				PRODUCT_NAME = "$(TARGET_NAME)";
				TEST_HOST = "$(BUNDLE_LOADER)";
				WRAPPER_EXTENSION = xctest;
			};
			name = Release;
		};
/* End XCBuildConfiguration section */

/* Begin XCConfigurationList section */
		F541C3AD191AFA9E0065BB96 /* Build configuration list for PBXProject "geo" */ = {
			isa = XCConfigurationList;
			buildConfigurations = (
				F541C3E2191AFA9F0065BB96 /* Debug */,
				F541C3E3191AFA9F0065BB96 /* Release */,
			);
			defaultConfigurationIsVisible = 0;
			defaultConfigurationName = Release;
		};
		F541C3E4191AFA9F0065BB96 /* Build configuration list for PBXNativeTarget "geo" */ = {
			isa = XCConfigurationList;
			buildConfigurations = (
				F541C3E5191AFA9F0065BB96 /* Debug */,
				F541C3E6191AFA9F0065BB96 /* Release */,
			);
			defaultConfigurationIsVisible = 0;
		};
		F541C3E7191AFA9F0065BB96 /* Build configuration list for PBXNativeTarget "geoTests" */ = {
			isa = XCConfigurationList;
			buildConfigurations = (
				F541C3E8191AFA9F0065BB96 /* Debug */,
				F541C3E9191AFA9F0065BB96 /* Release */,
			);
			defaultConfigurationIsVisible = 0;
		};
/* End XCConfigurationList section */
	};
	rootObject = F541C3AA191AFA9E0065BB96 /* Project object */;
}
